
Microsoft Visual Studio Solution File, Format Version 12.00
# Visual Studio Version 17
VisualStudioVersion = 17.1.32210.238
MinimumVisualStudioVersion = 10.0.40219.1
Project("{FAE04EC0-301F-11D3-BF4B-00C04F79EFBC}") = "Examen2", "Examen2\Examen2.csproj", "{E75B4C71-877D-42FA-B7B2-C1FB700414F2}"
EndProject
Project("{FAE04EC0-301F-11D3-BF4B-00C04F79EFBC}") = "Conexion", "Conexcion\Conexion.csproj", "{7C1D0BC0-4271-4BD6-87D2-E2FAE0FE95E5}"
EndProject
Global
	GlobalSection(SolutionConfigurationPlatforms) = preSolution
		Debug|Any CPU = Debug|Any CPU
		Release|Any CPU = Release|Any CPU
	EndGlobalSection
	GlobalSection(ProjectConfigurationPlatforms) = postSolution
		{E75B4C71-877D-42FA-B7B2-C1FB700414F2}.Debug|Any CPU.ActiveCfg = Debug|Any CPU
		{E75B4C71-877D-42FA-B7B2-C1FB700414F2}.Debug|Any CPU.Build.0 = Debug|Any CPU
		{E75B4C71-877D-42FA-B7B2-C1FB700414F2}.Release|Any CPU.ActiveCfg = Release|Any CPU
		{E75B4C71-877D-42FA-B7B2-C1FB700414F2}.Release|Any CPU.Build.0 = Release|Any CPU
		{7C1D0BC0-4271-4BD6-87D2-E2FAE0FE95E5}.Debug|Any CPU.ActiveCfg = Debug|Any CPU
		{7C1D0BC0-4271-4BD6-87D2-E2FAE0FE95E5}.Debug|Any CPU.Build.0 = Debug|Any CPU
		{7C1D0BC0-4271-4BD6-87D2-E2FAE0FE95E5}.Release|Any CPU.ActiveCfg = Release|Any CPU
		{7C1D0BC0-4271-4BD6-87D2-E2FAE0FE95E5}.Release|Any CPU.Build.0 = Release|Any CPU
	EndGlobalSection
	GlobalSection(SolutionProperties) = preSolution
		HideSolutionNode = FALSE
	EndGlobalSection
	GlobalSection(ExtensibilityGlobals) = postSolution
		SolutionGuid = {8BB77351-398E-41E3-9DEF-904D8AAA0919}
	EndGlobalSection
EndGlobal
